
Microsoft Visual Studio Solution File, Format Version 12.00
# Visual Studio Version 17
VisualStudioVersion = 17.6.33723.286
MinimumVisualStudioVersion = 10.0.40219.1
Project("{FAE04EC0-301F-11D3-BF4B-00C04F79EFBC}") = "Pilot04-Classes", "Pilot04-Classes\Pilot04-Classes.csproj", "{CE9A585F-C98D-4CAF-9FD8-6725347A60B5}"
EndProject
Global
	GlobalSection(SolutionConfigurationPlatforms) = preSolution
		Debug|Any CPU = Debug|Any CPU
		Release|Any CPU = Release|Any CPU
	EndGlobalSection
	GlobalSection(ProjectConfigurationPlatforms) = postSolution
		{CE9A585F-C98D-4CAF-9FD8-6725347A60B5}.Debug|Any CPU.ActiveCfg = Debug|Any CPU
		{CE9A585F-C98D-4CAF-9FD8-6725347A60B5}.Debug|Any CPU.Build.0 = Debug|Any CPU
		{CE9A585F-C98D-4CAF-9FD8-6725347A60B5}.Release|Any CPU.ActiveCfg = Release|Any CPU
		{CE9A585F-C98D-4CAF-9FD8-6725347A60B5}.Release|Any CPU.Build.0 = Release|Any CPU
	EndGlobalSection
	GlobalSection(SolutionProperties) = preSolution
		HideSolutionNode = FALSE
	EndGlobalSection
	GlobalSection(ExtensibilityGlobals) = postSolution
		SolutionGuid = {B36D7C28-ABA7-41F6-B1D2-5080B54F88E4}
	EndGlobalSection
EndGlobal
