
Microsoft Visual Studio Solution File, Format Version 12.00
# Visual Studio Version 17
VisualStudioVersion = 17.6.33717.318
MinimumVisualStudioVersion = 10.0.40219.1
Project("{FAE04EC0-301F-11D3-BF4B-00C04F79EFBC}") = "Challenge02-WindowsFormsApp", "Challenge02-WindowsFormsApp\Challenge02-WindowsFormsApp.csproj", "{EAB660CB-B7D2-4F20-A88D-6325346AE910}"
EndProject
Global
	GlobalSection(SolutionConfigurationPlatforms) = preSolution
		Debug|Any CPU = Debug|Any CPU
		Release|Any CPU = Release|Any CPU
	EndGlobalSection
	GlobalSection(ProjectConfigurationPlatforms) = postSolution
		{EAB660CB-B7D2-4F20-A88D-6325346AE910}.Debug|Any CPU.ActiveCfg = Debug|Any CPU
		{EAB660CB-B7D2-4F20-A88D-6325346AE910}.Debug|Any CPU.Build.0 = Debug|Any CPU
		{EAB660CB-B7D2-4F20-A88D-6325346AE910}.Release|Any CPU.ActiveCfg = Release|Any CPU
		{EAB660CB-B7D2-4F20-A88D-6325346AE910}.Release|Any CPU.Build.0 = Release|Any CPU
	EndGlobalSection
	GlobalSection(SolutionProperties) = preSolution
		HideSolutionNode = FALSE
	EndGlobalSection
	GlobalSection(ExtensibilityGlobals) = postSolution
		SolutionGuid = {892E169D-81BD-40F2-8391-BC1A5F066FFC}
	EndGlobalSection
EndGlobal
