
Microsoft Visual Studio Solution File, Format Version 12.00
# Visual Studio Version 17
VisualStudioVersion = 17.6.33723.286
MinimumVisualStudioVersion = 10.0.40219.1
Project("{FAE04EC0-301F-11D3-BF4B-00C04F79EFBC}") = "Lab20-CalculatorRPN", "Lab20-CalculatorRPN\Lab20-CalculatorRPN.csproj", "{8655034E-63E1-4F3C-9E66-FA848CDC7B1F}"
EndProject
Global
	GlobalSection(SolutionConfigurationPlatforms) = preSolution
		Debug|Any CPU = Debug|Any CPU
		Release|Any CPU = Release|Any CPU
	EndGlobalSection
	GlobalSection(ProjectConfigurationPlatforms) = postSolution
		{8655034E-63E1-4F3C-9E66-FA848CDC7B1F}.Debug|Any CPU.ActiveCfg = Debug|Any CPU
		{8655034E-63E1-4F3C-9E66-FA848CDC7B1F}.Debug|Any CPU.Build.0 = Debug|Any CPU
		{8655034E-63E1-4F3C-9E66-FA848CDC7B1F}.Release|Any CPU.ActiveCfg = Release|Any CPU
		{8655034E-63E1-4F3C-9E66-FA848CDC7B1F}.Release|Any CPU.Build.0 = Release|Any CPU
	EndGlobalSection
	GlobalSection(SolutionProperties) = preSolution
		HideSolutionNode = FALSE
	EndGlobalSection
	GlobalSection(ExtensibilityGlobals) = postSolution
		SolutionGuid = {20C4358C-2874-45E1-868C-681B4E292965}
	EndGlobalSection
EndGlobal
