
Microsoft Visual Studio Solution File, Format Version 12.00
# Visual Studio Version 17
VisualStudioVersion = 17.5.33530.505
MinimumVisualStudioVersion = 10.0.40219.1
Project("{FAE04EC0-301F-11D3-BF4B-00C04F79EFBC}") = "Lab9-WhileLoop", "Lab9-WhileLoop\Lab9-WhileLoop.csproj", "{DD7827E3-C038-4442-BF3F-5D9B6EA210D0}"
EndProject
Global
	GlobalSection(SolutionConfigurationPlatforms) = preSolution
		Debug|Any CPU = Debug|Any CPU
		Release|Any CPU = Release|Any CPU
	EndGlobalSection
	GlobalSection(ProjectConfigurationPlatforms) = postSolution
		{DD7827E3-C038-4442-BF3F-5D9B6EA210D0}.Debug|Any CPU.ActiveCfg = Debug|Any CPU
		{DD7827E3-C038-4442-BF3F-5D9B6EA210D0}.Debug|Any CPU.Build.0 = Debug|Any CPU
		{DD7827E3-C038-4442-BF3F-5D9B6EA210D0}.Release|Any CPU.ActiveCfg = Release|Any CPU
		{DD7827E3-C038-4442-BF3F-5D9B6EA210D0}.Release|Any CPU.Build.0 = Release|Any CPU
	EndGlobalSection
	GlobalSection(SolutionProperties) = preSolution
		HideSolutionNode = FALSE
	EndGlobalSection
	GlobalSection(ExtensibilityGlobals) = postSolution
		SolutionGuid = {D857B24A-5AFA-4AFB-9DCB-207DF0509D34}
	EndGlobalSection
EndGlobal
