
Microsoft Visual Studio Solution File, Format Version 12.00
# Visual Studio Version 17
VisualStudioVersion = 17.6.33723.286
MinimumVisualStudioVersion = 10.0.40219.1
Project("{FAE04EC0-301F-11D3-BF4B-00C04F79EFBC}") = "Lab24-Lists", "Lab24-Lists\Lab24-Lists.csproj", "{1B390A2C-0680-40ED-A5AB-0333592C2B9F}"
EndProject
Global
	GlobalSection(SolutionConfigurationPlatforms) = preSolution
		Debug|Any CPU = Debug|Any CPU
		Release|Any CPU = Release|Any CPU
	EndGlobalSection
	GlobalSection(ProjectConfigurationPlatforms) = postSolution
		{1B390A2C-0680-40ED-A5AB-0333592C2B9F}.Debug|Any CPU.ActiveCfg = Debug|Any CPU
		{1B390A2C-0680-40ED-A5AB-0333592C2B9F}.Debug|Any CPU.Build.0 = Debug|Any CPU
		{1B390A2C-0680-40ED-A5AB-0333592C2B9F}.Release|Any CPU.ActiveCfg = Release|Any CPU
		{1B390A2C-0680-40ED-A5AB-0333592C2B9F}.Release|Any CPU.Build.0 = Release|Any CPU
	EndGlobalSection
	GlobalSection(SolutionProperties) = preSolution
		HideSolutionNode = FALSE
	EndGlobalSection
	GlobalSection(ExtensibilityGlobals) = postSolution
		SolutionGuid = {485F2E04-C75F-4261-9461-708FC816EFF0}
	EndGlobalSection
EndGlobal
