
Microsoft Visual Studio Solution File, Format Version 12.00
# Visual Studio Version 17
VisualStudioVersion = 17.5.33530.505
MinimumVisualStudioVersion = 10.0.40219.1
Project("{FAE04EC0-301F-11D3-BF4B-00C04F79EFBC}") = "Lab3-Conversions", "Lab3-Conversions\Lab3-Conversions.csproj", "{5F576BA8-2367-40B5-A9B1-6C41265FA6A5}"
EndProject
Global
	GlobalSection(SolutionConfigurationPlatforms) = preSolution
		Debug|Any CPU = Debug|Any CPU
		Release|Any CPU = Release|Any CPU
	EndGlobalSection
	GlobalSection(ProjectConfigurationPlatforms) = postSolution
		{5F576BA8-2367-40B5-A9B1-6C41265FA6A5}.Debug|Any CPU.ActiveCfg = Debug|Any CPU
		{5F576BA8-2367-40B5-A9B1-6C41265FA6A5}.Debug|Any CPU.Build.0 = Debug|Any CPU
		{5F576BA8-2367-40B5-A9B1-6C41265FA6A5}.Release|Any CPU.ActiveCfg = Release|Any CPU
		{5F576BA8-2367-40B5-A9B1-6C41265FA6A5}.Release|Any CPU.Build.0 = Release|Any CPU
	EndGlobalSection
	GlobalSection(SolutionProperties) = preSolution
		HideSolutionNode = FALSE
	EndGlobalSection
	GlobalSection(ExtensibilityGlobals) = postSolution
		SolutionGuid = {BBE6F39A-ED7B-49EC-BE24-BE153382282F}
	EndGlobalSection
EndGlobal
