
Microsoft Visual Studio Solution File, Format Version 12.00
# Visual Studio Version 17
VisualStudioVersion = 17.5.33627.172
MinimumVisualStudioVersion = 10.0.40219.1
Project("{FAE04EC0-301F-11D3-BF4B-00C04F79EFBC}") = "Challenge01-4-PronounceMoney", "Challenge01-4-PronounceMoney\Challenge01-4-PronounceMoney.csproj", "{F773F928-7746-4456-8D90-4689BB96EF8A}"
EndProject
Global
	GlobalSection(SolutionConfigurationPlatforms) = preSolution
		Debug|Any CPU = Debug|Any CPU
		Release|Any CPU = Release|Any CPU
	EndGlobalSection
	GlobalSection(ProjectConfigurationPlatforms) = postSolution
		{F773F928-7746-4456-8D90-4689BB96EF8A}.Debug|Any CPU.ActiveCfg = Debug|Any CPU
		{F773F928-7746-4456-8D90-4689BB96EF8A}.Debug|Any CPU.Build.0 = Debug|Any CPU
		{F773F928-7746-4456-8D90-4689BB96EF8A}.Release|Any CPU.ActiveCfg = Release|Any CPU
		{F773F928-7746-4456-8D90-4689BB96EF8A}.Release|Any CPU.Build.0 = Release|Any CPU
	EndGlobalSection
	GlobalSection(SolutionProperties) = preSolution
		HideSolutionNode = FALSE
	EndGlobalSection
	GlobalSection(ExtensibilityGlobals) = postSolution
		SolutionGuid = {70F98F62-20A6-42C0-B080-CE93319D959F}
	EndGlobalSection
EndGlobal
