
Microsoft Visual Studio Solution File, Format Version 12.00
# Visual Studio Version 17
VisualStudioVersion = 17.5.33530.505
MinimumVisualStudioVersion = 10.0.40219.1
Project("{FAE04EC0-301F-11D3-BF4B-00C04F79EFBC}") = "Lab6-Switch", "Lab6-Switch\Lab6-Switch.csproj", "{BFBCE768-3A4F-4CED-A817-709871680DD8}"
EndProject
Global
	GlobalSection(SolutionConfigurationPlatforms) = preSolution
		Debug|Any CPU = Debug|Any CPU
		Release|Any CPU = Release|Any CPU
	EndGlobalSection
	GlobalSection(ProjectConfigurationPlatforms) = postSolution
		{BFBCE768-3A4F-4CED-A817-709871680DD8}.Debug|Any CPU.ActiveCfg = Debug|Any CPU
		{BFBCE768-3A4F-4CED-A817-709871680DD8}.Debug|Any CPU.Build.0 = Debug|Any CPU
		{BFBCE768-3A4F-4CED-A817-709871680DD8}.Release|Any CPU.ActiveCfg = Release|Any CPU
		{BFBCE768-3A4F-4CED-A817-709871680DD8}.Release|Any CPU.Build.0 = Release|Any CPU
	EndGlobalSection
	GlobalSection(SolutionProperties) = preSolution
		HideSolutionNode = FALSE
	EndGlobalSection
	GlobalSection(ExtensibilityGlobals) = postSolution
		SolutionGuid = {305519FB-1CB8-4E45-BFBA-1993FA3A9C34}
	EndGlobalSection
EndGlobal
